
Microsoft Visual Studio Solution File, Format Version 11.00
# Visual Studio 2010
Project("{FAE04EC0-301F-11D3-BF4B-00C04F79EFBC}") = "AndroidIntro", "AndroidIntro\AndroidIntro.csproj", "{7D3CB698-A0F2-4B7F-8FC6-F0CD6BF3BA02}"
EndProject
Global
	GlobalSection(SolutionConfigurationPlatforms) = preSolution
		Debug|Any CPU = Debug|Any CPU
		Release|Any CPU = Release|Any CPU
	EndGlobalSection
	GlobalSection(ProjectConfigurationPlatforms) = postSolution
		{7D3CB698-A0F2-4B7F-8FC6-F0CD6BF3BA02}.Debug|Any CPU.ActiveCfg = Debug|Any CPU
		{7D3CB698-A0F2-4B7F-8FC6-F0CD6BF3BA02}.Debug|Any CPU.Build.0 = Debug|Any CPU
		{7D3CB698-A0F2-4B7F-8FC6-F0CD6BF3BA02}.Release|Any CPU.ActiveCfg = Release|Any CPU
		{7D3CB698-A0F2-4B7F-8FC6-F0CD6BF3BA02}.Release|Any CPU.Build.0 = Release|Any CPU
	EndGlobalSection
	GlobalSection(MonoDevelopProperties) = preSolution
		StartupItem = AndroidIntro\AndroidIntro.csproj
	EndGlobalSection
EndGlobal
